// !$*UTF8*$!
{
	archiveVersion = 1;
	classes = {
	};
	objectVersion = 46;
	objects = {

/* Begin PBXBuildFile section */
		1F38FCA71DBEFA33000B2607 /* AppDelegate.swift in Sources */ = {isa = PBXBuildFile; fileRef = 1F38FCA61DBEFA33000B2607 /* AppDelegate.swift */; };
		1F38FCAC1DBEFA33000B2607 /* Main.storyboard in Resources */ = {isa = PBXBuildFile; fileRef = 1F38FCAA1DBEFA33000B2607 /* Main.storyboard */; };
		1F38FCAE1DBEFA33000B2607 /* Assets.xcassets in Resources */ = {isa = PBXBuildFile; fileRef = 1F38FCAD1DBEFA33000B2607 /* Assets.xcassets */; };
		1F38FCB11DBEFA33000B2607 /* LaunchScreen.storyboard in Resources */ = {isa = PBXBuildFile; fileRef = 1F38FCAF1DBEFA33000B2607 /* LaunchScreen.storyboard */; };
		1F38FCB91DBEFA7D000B2607 /* CameraViewController.swift in Sources */ = {isa = PBXBuildFile; fileRef = 1F38FCB81DBEFA7D000B2607 /* CameraViewController.swift */; };
		1F38FCBB1DBEFAF7000B2607 /* VacationCollectionViewController.swift in Sources */ = {isa = PBXBuildFile; fileRef = 1F38FCBA1DBEFAF7000B2607 /* VacationCollectionViewController.swift */; };
		1F6848941DC3BD2900E528D3 /* VacationCollectionViewCell.swift in Sources */ = {isa = PBXBuildFile; fileRef = 1F6848931DC3BD2900E528D3 /* VacationCollectionViewCell.swift */; };
		1FCE00A31DC106AF00099D48 /* VacationSpot.swift in Sources */ = {isa = PBXBuildFile; fileRef = 1FCE00A21DC106AF00099D48 /* VacationSpot.swift */; };
/* End PBXBuildFile section */

/* Begin PBXFileReference section */
		1F38FCA31DBEFA33000B2607 /* VacationApp.app */ = {isa = PBXFileReference; explicitFileType = wrapper.application; includeInIndex = 0; path = VacationApp.app; sourceTree = BUILT_PRODUCTS_DIR; };
		1F38FCA61DBEFA33000B2607 /* AppDelegate.swift */ = {isa = PBXFileReference; lastKnownFileType = sourcecode.swift; path = AppDelegate.swift; sourceTree = "<group>"; };
		1F38FCAB1DBEFA33000B2607 /* Base */ = {isa = PBXFileReference; lastKnownFileType = file.storyboard; name = Base; path = Base.lproj/Main.storyboard; sourceTree = "<group>"; };
		1F38FCAD1DBEFA33000B2607 /* Assets.xcassets */ = {isa = PBXFileReference; lastKnownFileType = folder.assetcatalog; path = Assets.xcassets; sourceTree = "<group>"; };
		1F38FCB01DBEFA33000B2607 /* Base */ = {isa = PBXFileReference; lastKnownFileType = file.storyboard; name = Base; path = Base.lproj/LaunchScreen.storyboard; sourceTree = "<group>"; };
		1F38FCB21DBEFA33000B2607 /* Info.plist */ = {isa = PBXFileReference; lastKnownFileType = text.plist.xml; path = Info.plist; sourceTree = "<group>"; };
		1F38FCB81DBEFA7D000B2607 /* CameraViewController.swift */ = {isa = PBXFileReference; fileEncoding = 4; lastKnownFileType = sourcecode.swift; name = CameraViewController.swift; path = VacationApp/CameraViewController.swift; sourceTree = "<group>"; };
		1F38FCBA1DBEFAF7000B2607 /* VacationCollectionViewController.swift */ = {isa = PBXFileReference; fileEncoding = 4; lastKnownFileType = sourcecode.swift; name = VacationCollectionViewController.swift; path = VacationApp/VacationCollectionViewController.swift; sourceTree = "<group>"; };
		1F6848931DC3BD2900E528D3 /* VacationCollectionViewCell.swift */ = {isa = PBXFileReference; fileEncoding = 4; lastKnownFileType = sourcecode.swift; path = VacationCollectionViewCell.swift; sourceTree = "<group>"; };
		1FCE00A21DC106AF00099D48 /* VacationSpot.swift */ = {isa = PBXFileReference; fileEncoding = 4; lastKnownFileType = sourcecode.swift; path = VacationSpot.swift; sourceTree = "<group>"; };
/* End PBXFileReference section */

/* Begin PBXFrameworksBuildPhase section */
		1F38FCA01DBEFA33000B2607 /* Frameworks */ = {
			isa = PBXFrameworksBuildPhase;
			buildActionMask = 2147483647;
			files = (
			);
			runOnlyForDeploymentPostprocessing = 0;
		};
/* End PBXFrameworksBuildPhase section */

/* Begin PBXGroup section */
		1F38FC9A1DBEFA33000B2607 = {
			isa = PBXGroup;
			children = (
				1FCE00A11DC1068000099D48 /* Classes */,
				1FCE00A01DC1053300099D48 /* Controllers */,
				1F38FCA51DBEFA33000B2607 /* VacationApp */,
				1F38FCA41DBEFA33000B2607 /* Products */,
			);
			sourceTree = "<group>";
		};
		1F38FCA41DBEFA33000B2607 /* Products */ = {
			isa = PBXGroup;
			children = (
				1F38FCA31DBEFA33000B2607 /* VacationApp.app */,
			);
			name = Products;
			sourceTree = "<group>";
		};
		1F38FCA51DBEFA33000B2607 /* VacationApp */ = {
			isa = PBXGroup;
			children = (
				1F38FCA61DBEFA33000B2607 /* AppDelegate.swift */,
				1F38FCAD1DBEFA33000B2607 /* Assets.xcassets */,
				1F38FCAF1DBEFA33000B2607 /* LaunchScreen.storyboard */,
				1F38FCB21DBEFA33000B2607 /* Info.plist */,
			);
			path = VacationApp;
			sourceTree = "<group>";
		};
		1FCE00A01DC1053300099D48 /* Controllers */ = {
			isa = PBXGroup;
			children = (
				1F38FCBA1DBEFAF7000B2607 /* VacationCollectionViewController.swift */,
				1F6848931DC3BD2900E528D3 /* VacationCollectionViewCell.swift */,
				1F38FCB81DBEFA7D000B2607 /* CameraViewController.swift */,
			);
			name = Controllers;
			sourceTree = "<group>";
		};
		1FCE00A11DC1068000099D48 /* Classes */ = {
			isa = PBXGroup;
			children = (
				1F38FCAA1DBEFA33000B2607 /* Main.storyboard */,
				1FCE00A21DC106AF00099D48 /* VacationSpot.swift */,
			);
			name = Classes;
			sourceTree = "<group>";
		};
/* End PBXGroup section */

/* Begin PBXNativeTarget section */
		1F38FCA21DBEFA33000B2607 /* VacationApp */ = {
			isa = PBXNativeTarget;
			buildConfigurationList = 1F38FCB51DBEFA33000B2607 /* Build configuration list for PBXNativeTarget "VacationApp" */;
			buildPhases = (
				1F38FC9F1DBEFA33000B2607 /* Sources */,
				1F38FCA01DBEFA33000B2607 /* Frameworks */,
				1F38FCA11DBEFA33000B2607 /* Resources */,
			);
			buildRules = (
			);
			dependencies = (
			);
			name = VacationApp;
			productName = VacationApp;
			productReference = 1F38FCA31DBEFA33000B2607 /* VacationApp.app */;
			productType = "com.apple.product-type.application";
		};
/* End PBXNativeTarget section */

/* Begin PBXProject section */
		1F38FC9B1DBEFA33000B2607 /* Project object */ = {
			isa = PBXProject;
			attributes = {
				LastSwiftUpdateCheck = 0800;
				LastUpgradeCheck = 0810;
				ORGANIZATIONNAME = GeeCode;
				TargetAttributes = {
					1F38FCA21DBEFA33000B2607 = {
						CreatedOnToolsVersion = 8.0;
						DevelopmentTeam = 7E646DTM59;
						ProvisioningStyle = Automatic;
					};
				};
			};
			buildConfigurationList = 1F38FC9E1DBEFA33000B2607 /* Build configuration list for PBXProject "VacationApp" */;
			compatibilityVersion = "Xcode 3.2";
			developmentRegion = English;
			hasScannedForEncodings = 0;
			knownRegions = (
				en,
				Base,
			);
			mainGroup = 1F38FC9A1DBEFA33000B2607;
			productRefGroup = 1F38FCA41DBEFA33000B2607 /* Products */;
			projectDirPath = "";
			projectRoot = "";
			targets = (
				1F38FCA21DBEFA33000B2607 /* VacationApp */,
			);
		};
/* End PBXProject section */

/* Begin PBXResourcesBuildPhase section */
		1F38FCA11DBEFA33000B2607 /* Resources */ = {
			isa = PBXResourcesBuildPhase;
			buildActionMask = 2147483647;
			files = (
				1F38FCB11DBEFA33000B2607 /* LaunchScreen.storyboard in Resources */,
				1F38FCAE1DBEFA33000B2607 /* Assets.xcassets in Resources */,
				1F38FCAC1DBEFA33000B2607 /* Main.storyboard in Resources */,
			);
			runOnlyForDeploymentPostprocessing = 0;
		};
/* End PBXResourcesBuildPhase section */

/* Begin PBXSourcesBuildPhase section */
		1F38FC9F1DBEFA33000B2607 /* Sources */ = {
			isa = PBXSourcesBuildPhase;
			buildActionMask = 2147483647;
			files = (
				1FCE00A31DC106AF00099D48 /* VacationSpot.swift in Sources */,
				1F6848941DC3BD2900E528D3 /* VacationCollectionViewCell.swift in Sources */,
				1F38FCBB1DBEFAF7000B2607 /* VacationCollectionViewController.swift in Sources */,
				1F38FCA71DBEFA33000B2607 /* AppDelegate.swift in Sources */,
				1F38FCB91DBEFA7D000B2607 /* CameraViewController.swift in Sources */,
			);
			runOnlyForDeploymentPostprocessing = 0;
		};
/* End PBXSourcesBuildPhase section */

/* Begin PBXVariantGroup section */
		1F38FCAA1DBEFA33000B2607 /* Main.storyboard */ = {
			isa = PBXVariantGroup;
			children = (
				1F38FCAB1DBEFA33000B2607 /* Base */,
			);
			name = Main.storyboard;
			path = VacationApp;
			sourceTree = "<group>";
		};
		1F38FCAF1DBEFA33000B2607 /* LaunchScreen.storyboard */ = {
			isa = PBXVariantGroup;
			children = (
				1F38FCB01DBEFA33000B2607 /* Base */,
			);
			name = LaunchScreen.storyboard;
			sourceTree = "<group>";
		};
/* End PBXVariantGroup section */

/* Begin XCBuildConfiguration section */
		1F38FCB31DBEFA33000B2607 /* Debug */ = {
			isa = XCBuildConfiguration;
			buildSettings = {
				ALWAYS_SEARCH_USER_PATHS = NO;
				CLANG_ANALYZER_NONNULL = YES;
				CLANG_CXX_LANGUAGE_STANDARD = "gnu++0x";
				CLANG_CXX_LIBRARY = "libc++";
				CLANG_ENABLE_MODULES = YES;
				CLANG_ENABLE_OBJC_ARC = YES;
				CLANG_WARN_BOOL_CONVERSION = YES;
				CLANG_WARN_CONSTANT_CONVERSION = YES;
				CLANG_WARN_DIRECT_OBJC_ISA_USAGE = YES_ERROR;
				CLANG_WARN_DOCUMENTATION_COMMENTS = YES;
				CLANG_WARN_EMPTY_BODY = YES;
				CLANG_WARN_ENUM_CONVERSION = YES;
				CLANG_WARN_INFINITE_RECURSION = YES;
				CLANG_WARN_INT_CONVERSION = YES;
				CLANG_WARN_OBJC_ROOT_CLASS = YES_ERROR;
				CLANG_WARN_SUSPICIOUS_MOVE = YES;
				CLANG_WARN_SUSPICIOUS_MOVES = YES;
				CLANG_WARN_UNREACHABLE_CODE = YES;
				CLANG_WARN__DUPLICATE_METHOD_MATCH = YES;
				"CODE_SIGN_IDENTITY[sdk=iphoneos*]" = "iPhone Developer";
				COPY_PHASE_STRIP = NO;
				DEBUG_INFORMATION_FORMAT = dwarf;
				ENABLE_STRICT_OBJC_MSGSEND = YES;
				ENABLE_TESTABILITY = YES;
				GCC_C_LANGUAGE_STANDARD = gnu99;
				GCC_DYNAMIC_NO_PIC = NO;
				GCC_NO_COMMON_BLOCKS = YES;
				GCC_OPTIMIZATION_LEVEL = 0;
				GCC_PREPROCESSOR_DEFINITIONS = (
					"DEBUG=1",
					"$(inherited)",
				);
				GCC_WARN_64_TO_32_BIT_CONVERSION = YES;
				GCC_WARN_ABOUT_RETURN_TYPE = YES_ERROR;
				GCC_WARN_UNDECLARED_SELECTOR = YES;
				GCC_WARN_UNINITIALIZED_AUTOS = YES_AGGRESSIVE;
				GCC_WARN_UNUSED_FUNCTION = YES;
				GCC_WARN_UNUSED_VARIABLE = YES;
				IPHONEOS_DEPLOYMENT_TARGET = 10.0;
				MTL_ENABLE_DEBUG_INFO = YES;
				ONLY_ACTIVE_ARCH = YES;
				SDKROOT = iphoneos;
				SWIFT_ACTIVE_COMPILATION_CONDITIONS = DEBUG;
				SWIFT_OPTIMIZATION_LEVEL = "-Onone";
				TARGETED_DEVICE_FAMILY = "1,2";
			};
			name = Debug;
		};
		1F38FCB41DBEFA33000B2607 /* Release */ = {
			isa = XCBuildConfiguration;
			buildSettings = {
				ALWAYS_SEARCH_USER_PATHS = NO;
				CLANG_ANALYZER_NONNULL = YES;
				CLANG_CXX_LANGUAGE_STANDARD = "gnu++0x";
				CLANG_CXX_LIBRARY = "libc++";
				CLANG_ENABLE_MODULES = YES;
				CLANG_ENABLE_OBJC_ARC = YES;
				CLANG_WARN_BOOL_CONVERSION = YES;
				CLANG_WARN_CONSTANT_CONVERSION = YES;
				CLANG_WARN_DIRECT_OBJC_ISA_USAGE = YES_ERROR;
				CLANG_WARN_DOCUMENTATION_COMMENTS = YES;
				CLANG_WARN_EMPTY_BODY = YES;
				CLANG_WARN_ENUM_CONVERSION = YES;
				CLANG_WARN_INFINITE_RECURSION = YES;
				CLANG_WARN_INT_CONVERSION = YES;
				CLANG_WARN_OBJC_ROOT_CLASS = YES_ERROR;
				CLANG_WARN_SUSPICIOUS_MOVE = YES;
				CLANG_WARN_SUSPICIOUS_MOVES = YES;
				CLANG_WARN_UNREACHABLE_CODE = YES;
				CLANG_WARN__DUPLICATE_METHOD_MATCH = YES;
				"CODE_SIGN_IDENTITY[sdk=iphoneos*]" = "iPhone Developer";
				COPY_PHASE_STRIP = NO;
				DEBUG_INFORMATION_FORMAT = "dwarf-with-dsym";
				ENABLE_NS_ASSERTIONS = NO;
				ENABLE_STRICT_OBJC_MSGSEND = YES;
				GCC_C_LANGUAGE_STANDARD = gnu99;
				GCC_NO_COMMON_BLOCKS = YES;
				GCC_WARN_64_TO_32_BIT_CONVERSION = YES;
				GCC_WARN_ABOUT_RETURN_TYPE = YES_ERROR;
				GCC_WARN_UNDECLARED_SELECTOR = YES;
				GCC_WARN_UNINITIALIZED_AUTOS = YES_AGGRESSIVE;
				GCC_WARN_UNUSED_FUNCTION = YES;
				GCC_WARN_UNUSED_VARIABLE = YES;
				IPHONEOS_DEPLOYMENT_TARGET = 10.0;
				MTL_ENABLE_DEBUG_INFO = NO;
				SDKROOT = iphoneos;
				SWIFT_OPTIMIZATION_LEVEL = "-Owholemodule";
				TARGETED_DEVICE_FAMILY = "1,2";
				VALIDATE_PRODUCT = YES;
			};
			name = Release;
		};
		1F38FCB61DBEFA33000B2607 /* Debug */ = {
			isa = XCBuildConfiguration;
			buildSettings = {
				ASSETCATALOG_COMPILER_APPICON_NAME = AppIcon;
				"CODE_SIGN_IDENTITY[sdk=iphoneos*]" = "iPhone Developer";
				DEVELOPMENT_TEAM = 7E646DTM59;
				INFOPLIST_FILE = VacationApp/Info.plist;
				LD_RUNPATH_SEARCH_PATHS = "$(inherited) @executable_path/Frameworks";
				PRODUCT_BUNDLE_IDENTIFIER = com.geecode.VacationApp;
				PRODUCT_NAME = "$(TARGET_NAME)";
				SWIFT_VERSION = 3.0;
			};
			name = Debug;
		};
		1F38FCB71DBEFA33000B2607 /* Release */ = {
			isa = XCBuildConfiguration;
			buildSettings = {
				ASSETCATALOG_COMPILER_APPICON_NAME = AppIcon;
				"CODE_SIGN_IDENTITY[sdk=iphoneos*]" = "iPhone Developer";
				DEVELOPMENT_TEAM = 7E646DTM59;
				INFOPLIST_FILE = VacationApp/Info.plist;
				LD_RUNPATH_SEARCH_PATHS = "$(inherited) @executable_path/Frameworks";
				PRODUCT_BUNDLE_IDENTIFIER = com.geecode.VacationApp;
				PRODUCT_NAME = "$(TARGET_NAME)";
				SWIFT_VERSION = 3.0;
			};
			name = Release;
		};
/* End XCBuildConfiguration section */

/* Begin XCConfigurationList section */
		1F38FC9E1DBEFA33000B2607 /* Build configuration list for PBXProject "VacationApp" */ = {
			isa = XCConfigurationList;
			buildConfigurations = (
				1F38FCB31DBEFA33000B2607 /* Debug */,
				1F38FCB41DBEFA33000B2607 /* Release */,
			);
			defaultConfigurationIsVisible = 0;
			defaultConfigurationName = Release;
		};
		1F38FCB51DBEFA33000B2607 /* Build configuration list for PBXNativeTarget "VacationApp" */ = {
			isa = XCConfigurationList;
			buildConfigurations = (
				1F38FCB61DBEFA33000B2607 /* Debug */,
				1F38FCB71DBEFA33000B2607 /* Release */,
			);
			defaultConfigurationIsVisible = 0;
			defaultConfigurationName = Release;
		};
/* End XCConfigurationList section */
	};
	rootObject = 1F38FC9B1DBEFA33000B2607 /* Project object */;
}
