// !$*UTF8*$!
{
	archiveVersion = 1;
	classes = {
	};
	objectVersion = 46;
	objects = {

/* Begin PBXBuildFile section */
		1F83E8C11DD0E23E00FB4641 /* AppDelegate.swift in Sources */ = {isa = PBXBuildFile; fileRef = 1F83E8C01DD0E23E00FB4641 /* AppDelegate.swift */; };
		1F83E8C31DD0E23E00FB4641 /* ViewController.swift in Sources */ = {isa = PBXBuildFile; fileRef = 1F83E8C21DD0E23E00FB4641 /* ViewController.swift */; };
		1F83E8C61DD0E23E00FB4641 /* Main.storyboard in Resources */ = {isa = PBXBuildFile; fileRef = 1F83E8C41DD0E23E00FB4641 /* Main.storyboard */; };
		1F83E8C81DD0E23E00FB4641 /* Assets.xcassets in Resources */ = {isa = PBXBuildFile; fileRef = 1F83E8C71DD0E23E00FB4641 /* Assets.xcassets */; };
		1F83E8CB1DD0E23E00FB4641 /* LaunchScreen.storyboard in Resources */ = {isa = PBXBuildFile; fileRef = 1F83E8C91DD0E23E00FB4641 /* LaunchScreen.storyboard */; };
		1F83E8D51DD0E25300FB4641 /* CloudKit.framework in Frameworks */ = {isa = PBXBuildFile; fileRef = 1F83E8D41DD0E25300FB4641 /* CloudKit.framework */; };
/* End PBXBuildFile section */

/* Begin PBXFileReference section */
		1F83E8BD1DD0E23E00FB4641 /* FlowersAppProject.app */ = {isa = PBXFileReference; explicitFileType = wrapper.application; includeInIndex = 0; path = FlowersAppProject.app; sourceTree = BUILT_PRODUCTS_DIR; };
		1F83E8C01DD0E23E00FB4641 /* AppDelegate.swift */ = {isa = PBXFileReference; lastKnownFileType = sourcecode.swift; path = AppDelegate.swift; sourceTree = "<group>"; };
		1F83E8C21DD0E23E00FB4641 /* ViewController.swift */ = {isa = PBXFileReference; lastKnownFileType = sourcecode.swift; path = ViewController.swift; sourceTree = "<group>"; };
		1F83E8C51DD0E23E00FB4641 /* Base */ = {isa = PBXFileReference; lastKnownFileType = file.storyboard; name = Base; path = Base.lproj/Main.storyboard; sourceTree = "<group>"; };
		1F83E8C71DD0E23E00FB4641 /* Assets.xcassets */ = {isa = PBXFileReference; lastKnownFileType = folder.assetcatalog; path = Assets.xcassets; sourceTree = "<group>"; };
		1F83E8CA1DD0E23E00FB4641 /* Base */ = {isa = PBXFileReference; lastKnownFileType = file.storyboard; name = Base; path = Base.lproj/LaunchScreen.storyboard; sourceTree = "<group>"; };
		1F83E8CC1DD0E23E00FB4641 /* Info.plist */ = {isa = PBXFileReference; lastKnownFileType = text.plist.xml; path = Info.plist; sourceTree = "<group>"; };
		1F83E8D21DD0E24F00FB4641 /* FlowersAppProject.entitlements */ = {isa = PBXFileReference; lastKnownFileType = text.plist.entitlements; path = FlowersAppProject.entitlements; sourceTree = "<group>"; };
		1F83E8D41DD0E25300FB4641 /* CloudKit.framework */ = {isa = PBXFileReference; lastKnownFileType = wrapper.framework; name = CloudKit.framework; path = System/Library/Frameworks/CloudKit.framework; sourceTree = SDKROOT; };
/* End PBXFileReference section */

/* Begin PBXFrameworksBuildPhase section */
		1F83E8BA1DD0E23E00FB4641 /* Frameworks */ = {
			isa = PBXFrameworksBuildPhase;
			buildActionMask = 2147483647;
			files = (
				1F83E8D51DD0E25300FB4641 /* CloudKit.framework in Frameworks */,
			);
			runOnlyForDeploymentPostprocessing = 0;
		};
/* End PBXFrameworksBuildPhase section */

/* Begin PBXGroup section */
		1F83E8B41DD0E23E00FB4641 = {
			isa = PBXGroup;
			children = (
				1F83E8BF1DD0E23E00FB4641 /* FlowersAppProject */,
				1F83E8BE1DD0E23E00FB4641 /* Products */,
				1F83E8D31DD0E25300FB4641 /* Frameworks */,
			);
			sourceTree = "<group>";
		};
		1F83E8BE1DD0E23E00FB4641 /* Products */ = {
			isa = PBXGroup;
			children = (
				1F83E8BD1DD0E23E00FB4641 /* FlowersAppProject.app */,
			);
			name = Products;
			sourceTree = "<group>";
		};
		1F83E8BF1DD0E23E00FB4641 /* FlowersAppProject */ = {
			isa = PBXGroup;
			children = (
				1F83E8D21DD0E24F00FB4641 /* FlowersAppProject.entitlements */,
				1F83E8C01DD0E23E00FB4641 /* AppDelegate.swift */,
				1F83E8C21DD0E23E00FB4641 /* ViewController.swift */,
				1F83E8C41DD0E23E00FB4641 /* Main.storyboard */,
				1F83E8C71DD0E23E00FB4641 /* Assets.xcassets */,
				1F83E8C91DD0E23E00FB4641 /* LaunchScreen.storyboard */,
				1F83E8CC1DD0E23E00FB4641 /* Info.plist */,
			);
			path = FlowersAppProject;
			sourceTree = "<group>";
		};
		1F83E8D31DD0E25300FB4641 /* Frameworks */ = {
			isa = PBXGroup;
			children = (
				1F83E8D41DD0E25300FB4641 /* CloudKit.framework */,
			);
			name = Frameworks;
			sourceTree = "<group>";
		};
/* End PBXGroup section */

/* Begin PBXNativeTarget section */
		1F83E8BC1DD0E23E00FB4641 /* FlowersAppProject */ = {
			isa = PBXNativeTarget;
			buildConfigurationList = 1F83E8CF1DD0E23E00FB4641 /* Build configuration list for PBXNativeTarget "FlowersAppProject" */;
			buildPhases = (
				1F83E8B91DD0E23E00FB4641 /* Sources */,
				1F83E8BA1DD0E23E00FB4641 /* Frameworks */,
				1F83E8BB1DD0E23E00FB4641 /* Resources */,
			);
			buildRules = (
			);
			dependencies = (
			);
			name = FlowersAppProject;
			productName = FlowersAppProject;
			productReference = 1F83E8BD1DD0E23E00FB4641 /* FlowersAppProject.app */;
			productType = "com.apple.product-type.application";
		};
/* End PBXNativeTarget section */

/* Begin PBXProject section */
		1F83E8B51DD0E23E00FB4641 /* Project object */ = {
			isa = PBXProject;
			attributes = {
				LastSwiftUpdateCheck = 0810;
				LastUpgradeCheck = 0810;
				ORGANIZATIONNAME = geeoku;
				TargetAttributes = {
					1F83E8BC1DD0E23E00FB4641 = {
						CreatedOnToolsVersion = 8.1;
						DevelopmentTeam = 7E646DTM59;
						ProvisioningStyle = Automatic;
						SystemCapabilities = {
							com.apple.Push = {
								enabled = 1;
							};
							com.apple.iCloud = {
								enabled = 1;
							};
						};
					};
				};
			};
			buildConfigurationList = 1F83E8B81DD0E23E00FB4641 /* Build configuration list for PBXProject "FlowersAppProject" */;
			compatibilityVersion = "Xcode 3.2";
			developmentRegion = English;
			hasScannedForEncodings = 0;
			knownRegions = (
				en,
				Base,
			);
			mainGroup = 1F83E8B41DD0E23E00FB4641;
			productRefGroup = 1F83E8BE1DD0E23E00FB4641 /* Products */;
			projectDirPath = "";
			projectRoot = "";
			targets = (
				1F83E8BC1DD0E23E00FB4641 /* FlowersAppProject */,
			);
		};
/* End PBXProject section */

/* Begin PBXResourcesBuildPhase section */
		1F83E8BB1DD0E23E00FB4641 /* Resources */ = {
			isa = PBXResourcesBuildPhase;
			buildActionMask = 2147483647;
			files = (
				1F83E8CB1DD0E23E00FB4641 /* LaunchScreen.storyboard in Resources */,
				1F83E8C81DD0E23E00FB4641 /* Assets.xcassets in Resources */,
				1F83E8C61DD0E23E00FB4641 /* Main.storyboard in Resources */,
			);
			runOnlyForDeploymentPostprocessing = 0;
		};
/* End PBXResourcesBuildPhase section */

/* Begin PBXSourcesBuildPhase section */
		1F83E8B91DD0E23E00FB4641 /* Sources */ = {
			isa = PBXSourcesBuildPhase;
			buildActionMask = 2147483647;
			files = (
				1F83E8C31DD0E23E00FB4641 /* ViewController.swift in Sources */,
				1F83E8C11DD0E23E00FB4641 /* AppDelegate.swift in Sources */,
			);
			runOnlyForDeploymentPostprocessing = 0;
		};
/* End PBXSourcesBuildPhase section */

/* Begin PBXVariantGroup section */
		1F83E8C41DD0E23E00FB4641 /* Main.storyboard */ = {
			isa = PBXVariantGroup;
			children = (
				1F83E8C51DD0E23E00FB4641 /* Base */,
			);
			name = Main.storyboard;
			sourceTree = "<group>";
		};
		1F83E8C91DD0E23E00FB4641 /* LaunchScreen.storyboard */ = {
			isa = PBXVariantGroup;
			children = (
				1F83E8CA1DD0E23E00FB4641 /* Base */,
			);
			name = LaunchScreen.storyboard;
			sourceTree = "<group>";
		};
/* End PBXVariantGroup section */

/* Begin XCBuildConfiguration section */
		1F83E8CD1DD0E23E00FB4641 /* Debug */ = {
			isa = XCBuildConfiguration;
			buildSettings = {
				ALWAYS_SEARCH_USER_PATHS = NO;
				CLANG_ANALYZER_NONNULL = YES;
				CLANG_CXX_LANGUAGE_STANDARD = "gnu++0x";
				CLANG_CXX_LIBRARY = "libc++";
				CLANG_ENABLE_MODULES = YES;
				CLANG_ENABLE_OBJC_ARC = YES;
				CLANG_WARN_BOOL_CONVERSION = YES;
				CLANG_WARN_CONSTANT_CONVERSION = YES;
				CLANG_WARN_DIRECT_OBJC_ISA_USAGE = YES_ERROR;
				CLANG_WARN_DOCUMENTATION_COMMENTS = YES;
				CLANG_WARN_EMPTY_BODY = YES;
				CLANG_WARN_ENUM_CONVERSION = YES;
				CLANG_WARN_INFINITE_RECURSION = YES;
				CLANG_WARN_INT_CONVERSION = YES;
				CLANG_WARN_OBJC_ROOT_CLASS = YES_ERROR;
				CLANG_WARN_SUSPICIOUS_MOVES = YES;
				CLANG_WARN_UNREACHABLE_CODE = YES;
				CLANG_WARN__DUPLICATE_METHOD_MATCH = YES;
				"CODE_SIGN_IDENTITY[sdk=iphoneos*]" = "iPhone Developer";
				COPY_PHASE_STRIP = NO;
				DEBUG_INFORMATION_FORMAT = dwarf;
				ENABLE_STRICT_OBJC_MSGSEND = YES;
				ENABLE_TESTABILITY = YES;
				GCC_C_LANGUAGE_STANDARD = gnu99;
				GCC_DYNAMIC_NO_PIC = NO;
				GCC_NO_COMMON_BLOCKS = YES;
				GCC_OPTIMIZATION_LEVEL = 0;
				GCC_PREPROCESSOR_DEFINITIONS = (
					"DEBUG=1",
					"$(inherited)",
				);
				GCC_WARN_64_TO_32_BIT_CONVERSION = YES;
				GCC_WARN_ABOUT_RETURN_TYPE = YES_ERROR;
				GCC_WARN_UNDECLARED_SELECTOR = YES;
				GCC_WARN_UNINITIALIZED_AUTOS = YES_AGGRESSIVE;
				GCC_WARN_UNUSED_FUNCTION = YES;
				GCC_WARN_UNUSED_VARIABLE = YES;
				IPHONEOS_DEPLOYMENT_TARGET = 10.1;
				MTL_ENABLE_DEBUG_INFO = YES;
				ONLY_ACTIVE_ARCH = YES;
				SDKROOT = iphoneos;
				SWIFT_ACTIVE_COMPILATION_CONDITIONS = DEBUG;
				SWIFT_OPTIMIZATION_LEVEL = "-Onone";
				TARGETED_DEVICE_FAMILY = "1,2";
			};
			name = Debug;
		};
		1F83E8CE1DD0E23E00FB4641 /* Release */ = {
			isa = XCBuildConfiguration;
			buildSettings = {
				ALWAYS_SEARCH_USER_PATHS = NO;
				CLANG_ANALYZER_NONNULL = YES;
				CLANG_CXX_LANGUAGE_STANDARD = "gnu++0x";
				CLANG_CXX_LIBRARY = "libc++";
				CLANG_ENABLE_MODULES = YES;
				CLANG_ENABLE_OBJC_ARC = YES;
				CLANG_WARN_BOOL_CONVERSION = YES;
				CLANG_WARN_CONSTANT_CONVERSION = YES;
				CLANG_WARN_DIRECT_OBJC_ISA_USAGE = YES_ERROR;
				CLANG_WARN_DOCUMENTATION_COMMENTS = YES;
				CLANG_WARN_EMPTY_BODY = YES;
				CLANG_WARN_ENUM_CONVERSION = YES;
				CLANG_WARN_INFINITE_RECURSION = YES;
				CLANG_WARN_INT_CONVERSION = YES;
				CLANG_WARN_OBJC_ROOT_CLASS = YES_ERROR;
				CLANG_WARN_SUSPICIOUS_MOVES = YES;
				CLANG_WARN_UNREACHABLE_CODE = YES;
				CLANG_WARN__DUPLICATE_METHOD_MATCH = YES;
				"CODE_SIGN_IDENTITY[sdk=iphoneos*]" = "iPhone Developer";
				COPY_PHASE_STRIP = NO;
				DEBUG_INFORMATION_FORMAT = "dwarf-with-dsym";
				ENABLE_NS_ASSERTIONS = NO;
				ENABLE_STRICT_OBJC_MSGSEND = YES;
				GCC_C_LANGUAGE_STANDARD = gnu99;
				GCC_NO_COMMON_BLOCKS = YES;
				GCC_WARN_64_TO_32_BIT_CONVERSION = YES;
				GCC_WARN_ABOUT_RETURN_TYPE = YES_ERROR;
				GCC_WARN_UNDECLARED_SELECTOR = YES;
				GCC_WARN_UNINITIALIZED_AUTOS = YES_AGGRESSIVE;
				GCC_WARN_UNUSED_FUNCTION = YES;
				GCC_WARN_UNUSED_VARIABLE = YES;
				IPHONEOS_DEPLOYMENT_TARGET = 10.1;
				MTL_ENABLE_DEBUG_INFO = NO;
				SDKROOT = iphoneos;
				SWIFT_OPTIMIZATION_LEVEL = "-Owholemodule";
				TARGETED_DEVICE_FAMILY = "1,2";
				VALIDATE_PRODUCT = YES;
			};
			name = Release;
		};
		1F83E8D01DD0E23E00FB4641 /* Debug */ = {
			isa = XCBuildConfiguration;
			buildSettings = {
				ASSETCATALOG_COMPILER_APPICON_NAME = AppIcon;
				CODE_SIGN_ENTITLEMENTS = FlowersAppProject/FlowersAppProject.entitlements;
				DEVELOPMENT_TEAM = 7E646DTM59;
				INFOPLIST_FILE = FlowersAppProject/Info.plist;
				LD_RUNPATH_SEARCH_PATHS = "$(inherited) @executable_path/Frameworks";
				PRODUCT_BUNDLE_IDENTIFIER = com.geeoku.FlowersAppProject;
				PRODUCT_NAME = "$(TARGET_NAME)";
				SWIFT_VERSION = 3.0;
			};
			name = Debug;
		};
		1F83E8D11DD0E23E00FB4641 /* Release */ = {
			isa = XCBuildConfiguration;
			buildSettings = {
				ASSETCATALOG_COMPILER_APPICON_NAME = AppIcon;
				CODE_SIGN_ENTITLEMENTS = FlowersAppProject/FlowersAppProject.entitlements;
				DEVELOPMENT_TEAM = 7E646DTM59;
				INFOPLIST_FILE = FlowersAppProject/Info.plist;
				LD_RUNPATH_SEARCH_PATHS = "$(inherited) @executable_path/Frameworks";
				PRODUCT_BUNDLE_IDENTIFIER = com.geeoku.FlowersAppProject;
				PRODUCT_NAME = "$(TARGET_NAME)";
				SWIFT_VERSION = 3.0;
			};
			name = Release;
		};
/* End XCBuildConfiguration section */

/* Begin XCConfigurationList section */
		1F83E8B81DD0E23E00FB4641 /* Build configuration list for PBXProject "FlowersAppProject" */ = {
			isa = XCConfigurationList;
			buildConfigurations = (
				1F83E8CD1DD0E23E00FB4641 /* Debug */,
				1F83E8CE1DD0E23E00FB4641 /* Release */,
			);
			defaultConfigurationIsVisible = 0;
			defaultConfigurationName = Release;
		};
		1F83E8CF1DD0E23E00FB4641 /* Build configuration list for PBXNativeTarget "FlowersAppProject" */ = {
			isa = XCConfigurationList;
			buildConfigurations = (
				1F83E8D01DD0E23E00FB4641 /* Debug */,
				1F83E8D11DD0E23E00FB4641 /* Release */,
			);
			defaultConfigurationIsVisible = 0;
		};
/* End XCConfigurationList section */
	};
	rootObject = 1F83E8B51DD0E23E00FB4641 /* Project object */;
}
